
Microsoft Visual Studio Solution File, Format Version 12.00
# Visual Studio Version 17
VisualStudioVersion = 17.7.34031.279
MinimumVisualStudioVersion = 10.0.40219.1
Project("{FAE04EC0-301F-11D3-BF4B-00C04F79EFBC}") = "producer", "producer.csproj", "{523C4205-C633-43D1-AFB3-C2DED2A563FD}"
EndProject
Global
	GlobalSection(SolutionConfigurationPlatforms) = preSolution
		Debug|Any CPU = Debug|Any CPU
		Release|Any CPU = Release|Any CPU
	EndGlobalSection
	GlobalSection(ProjectConfigurationPlatforms) = postSolution
		{523C4205-C633-43D1-AFB3-C2DED2A563FD}.Debug|Any CPU.ActiveCfg = Debug|Any CPU
		{523C4205-C633-43D1-AFB3-C2DED2A563FD}.Debug|Any CPU.Build.0 = Debug|Any CPU
		{523C4205-C633-43D1-AFB3-C2DED2A563FD}.Release|Any CPU.ActiveCfg = Release|Any CPU
		{523C4205-C633-43D1-AFB3-C2DED2A563FD}.Release|Any CPU.Build.0 = Release|Any CPU
	EndGlobalSection
	GlobalSection(SolutionProperties) = preSolution
		HideSolutionNode = FALSE
	EndGlobalSection
	GlobalSection(ExtensibilityGlobals) = postSolution
		SolutionGuid = {93695F40-3148-40DF-A1D6-09F9A13FB46F}
	EndGlobalSection
EndGlobal
